// !$*UTF8*$!
{
	archiveVersion = 1;
	classes = {
	};
	objectVersion = 46;
	objects = {

/* Begin PBXBuildFile section */
		4A036EFD1EE92996000AAE7C /* main.m in Sources */ = {isa = PBXBuildFile; fileRef = 4A036EFC1EE92996000AAE7C /* main.m */; };
		4A036F001EE92996000AAE7C /* AppDelegate.m in Sources */ = {isa = PBXBuildFile; fileRef = 4A036EFF1EE92996000AAE7C /* AppDelegate.m */; };
		4A036F031EE92996000AAE7C /* ViewController.m in Sources */ = {isa = PBXBuildFile; fileRef = 4A036F021EE92996000AAE7C /* ViewController.m */; };
		4A036F061EE92996000AAE7C /* Main.storyboard in Resources */ = {isa = PBXBuildFile; fileRef = 4A036F041EE92996000AAE7C /* Main.storyboard */; };
		4A036F081EE92996000AAE7C /* Assets.xcassets in Resources */ = {isa = PBXBuildFile; fileRef = 4A036F071EE92996000AAE7C /* Assets.xcassets */; };
		4A036F0B1EE92996000AAE7C /* LaunchScreen.storyboard in Resources */ = {isa = PBXBuildFile; fileRef = 4A036F091EE92996000AAE7C /* LaunchScreen.storyboard */; };
		4A036F161EE92996000AAE7C /* TestCoreMLTests.m in Sources */ = {isa = PBXBuildFile; fileRef = 4A036F151EE92996000AAE7C /* TestCoreMLTests.m */; };
		4A036F211EE92997000AAE7C /* TestCoreMLUITests.m in Sources */ = {isa = PBXBuildFile; fileRef = 4A036F201EE92997000AAE7C /* TestCoreMLUITests.m */; };
		4A90E3FC1EE92AEF0032C072 /* Resnet50.mlmodel in Sources */ = {isa = PBXBuildFile; fileRef = 4A90E3FB1EE92AEE0032C072 /* Resnet50.mlmodel */; };
		4A90E3FE1EE931550032C072 /* timg.jpeg in Resources */ = {isa = PBXBuildFile; fileRef = 4A90E3FD1EE931550032C072 /* timg.jpeg */; };
/* End PBXBuildFile section */

/* Begin PBXContainerItemProxy section */
		4A036F121EE92996000AAE7C /* PBXContainerItemProxy */ = {
			isa = PBXContainerItemProxy;
			containerPortal = 4A036EF01EE92996000AAE7C /* Project object */;
			proxyType = 1;
			remoteGlobalIDString = 4A036EF71EE92996000AAE7C;
			remoteInfo = TestCoreML;
		};
		4A036F1D1EE92996000AAE7C /* PBXContainerItemProxy */ = {
			isa = PBXContainerItemProxy;
			containerPortal = 4A036EF01EE92996000AAE7C /* Project object */;
			proxyType = 1;
			remoteGlobalIDString = 4A036EF71EE92996000AAE7C;
			remoteInfo = TestCoreML;
		};
/* End PBXContainerItemProxy section */

/* Begin PBXFileReference section */
		4A036EF81EE92996000AAE7C /* TestCoreML.app */ = {isa = PBXFileReference; explicitFileType = wrapper.application; includeInIndex = 0; path = TestCoreML.app; sourceTree = BUILT_PRODUCTS_DIR; };
		4A036EFC1EE92996000AAE7C /* main.m */ = {isa = PBXFileReference; lastKnownFileType = sourcecode.c.objc; path = main.m; sourceTree = "<group>"; };
		4A036EFE1EE92996000AAE7C /* AppDelegate.h */ = {isa = PBXFileReference; lastKnownFileType = sourcecode.c.h; path = AppDelegate.h; sourceTree = "<group>"; };
		4A036EFF1EE92996000AAE7C /* AppDelegate.m */ = {isa = PBXFileReference; lastKnownFileType = sourcecode.c.objc; path = AppDelegate.m; sourceTree = "<group>"; };
		4A036F011EE92996000AAE7C /* ViewController.h */ = {isa = PBXFileReference; lastKnownFileType = sourcecode.c.h; path = ViewController.h; sourceTree = "<group>"; };
		4A036F021EE92996000AAE7C /* ViewController.m */ = {isa = PBXFileReference; lastKnownFileType = sourcecode.c.objc; path = ViewController.m; sourceTree = "<group>"; };
		4A036F051EE92996000AAE7C /* Base */ = {isa = PBXFileReference; lastKnownFileType = file.storyboard; name = Base; path = Base.lproj/Main.storyboard; sourceTree = "<group>"; };
		4A036F071EE92996000AAE7C /* Assets.xcassets */ = {isa = PBXFileReference; lastKnownFileType = folder.assetcatalog; path = Assets.xcassets; sourceTree = "<group>"; };
		4A036F0A1EE92996000AAE7C /* Base */ = {isa = PBXFileReference; lastKnownFileType = file.storyboard; name = Base; path = Base.lproj/LaunchScreen.storyboard; sourceTree = "<group>"; };
		4A036F0C1EE92996000AAE7C /* Info.plist */ = {isa = PBXFileReference; lastKnownFileType = text.plist.xml; path = Info.plist; sourceTree = "<group>"; };
		4A036F111EE92996000AAE7C /* TestCoreMLTests.xctest */ = {isa = PBXFileReference; explicitFileType = wrapper.cfbundle; includeInIndex = 0; path = TestCoreMLTests.xctest; sourceTree = BUILT_PRODUCTS_DIR; };
		4A036F151EE92996000AAE7C /* TestCoreMLTests.m */ = {isa = PBXFileReference; lastKnownFileType = sourcecode.c.objc; path = TestCoreMLTests.m; sourceTree = "<group>"; };
		4A036F171EE92996000AAE7C /* Info.plist */ = {isa = PBXFileReference; lastKnownFileType = text.plist.xml; path = Info.plist; sourceTree = "<group>"; };
		4A036F1C1EE92996000AAE7C /* TestCoreMLUITests.xctest */ = {isa = PBXFileReference; explicitFileType = wrapper.cfbundle; includeInIndex = 0; path = TestCoreMLUITests.xctest; sourceTree = BUILT_PRODUCTS_DIR; };
		4A036F201EE92997000AAE7C /* TestCoreMLUITests.m */ = {isa = PBXFileReference; lastKnownFileType = sourcecode.c.objc; path = TestCoreMLUITests.m; sourceTree = "<group>"; };
		4A036F221EE92997000AAE7C /* Info.plist */ = {isa = PBXFileReference; lastKnownFileType = text.plist.xml; path = Info.plist; sourceTree = "<group>"; };
		4A90E3FB1EE92AEE0032C072 /* Resnet50.mlmodel */ = {isa = PBXFileReference; lastKnownFileType = file.mlmodel; name = Resnet50.mlmodel; path = ../../../../Downloads/Resnet50.mlmodel; sourceTree = "<group>"; };
		4A90E3FD1EE931550032C072 /* timg.jpeg */ = {isa = PBXFileReference; lastKnownFileType = image.jpeg; name = timg.jpeg; path = ../../../../Downloads/timg.jpeg; sourceTree = "<group>"; };
/* End PBXFileReference section */

/* Begin PBXFrameworksBuildPhase section */
		4A036EF51EE92996000AAE7C /* Frameworks */ = {
			isa = PBXFrameworksBuildPhase;
			buildActionMask = 2147483647;
			files = (
			);
			runOnlyForDeploymentPostprocessing = 0;
		};
		4A036F0E1EE92996000AAE7C /* Frameworks */ = {
			isa = PBXFrameworksBuildPhase;
			buildActionMask = 2147483647;
			files = (
			);
			runOnlyForDeploymentPostprocessing = 0;
		};
		4A036F191EE92996000AAE7C /* Frameworks */ = {
			isa = PBXFrameworksBuildPhase;
			buildActionMask = 2147483647;
			files = (
			);
			runOnlyForDeploymentPostprocessing = 0;
		};
/* End PBXFrameworksBuildPhase section */

/* Begin PBXGroup section */
		4A036EEF1EE92996000AAE7C = {
			isa = PBXGroup;
			children = (
				4A036EFA1EE92996000AAE7C /* TestCoreML */,
				4A036F141EE92996000AAE7C /* TestCoreMLTests */,
				4A036F1F1EE92996000AAE7C /* TestCoreMLUITests */,
				4A036EF91EE92996000AAE7C /* Products */,
			);
			sourceTree = "<group>";
		};
		4A036EF91EE92996000AAE7C /* Products */ = {
			isa = PBXGroup;
			children = (
				4A036EF81EE92996000AAE7C /* TestCoreML.app */,
				4A036F111EE92996000AAE7C /* TestCoreMLTests.xctest */,
				4A036F1C1EE92996000AAE7C /* TestCoreMLUITests.xctest */,
			);
			name = Products;
			sourceTree = "<group>";
		};
		4A036EFA1EE92996000AAE7C /* TestCoreML */ = {
			isa = PBXGroup;
			children = (
				4A90E3FA1EE92A9C0032C072 /* Resources */,
				4A036EFE1EE92996000AAE7C /* AppDelegate.h */,
				4A036EFF1EE92996000AAE7C /* AppDelegate.m */,
				4A036F011EE92996000AAE7C /* ViewController.h */,
				4A036F021EE92996000AAE7C /* ViewController.m */,
				4A036F041EE92996000AAE7C /* Main.storyboard */,
				4A036F071EE92996000AAE7C /* Assets.xcassets */,
				4A036F091EE92996000AAE7C /* LaunchScreen.storyboard */,
				4A036F0C1EE92996000AAE7C /* Info.plist */,
				4A036EFB1EE92996000AAE7C /* Supporting Files */,
			);
			path = TestCoreML;
			sourceTree = "<group>";
		};
		4A036EFB1EE92996000AAE7C /* Supporting Files */ = {
			isa = PBXGroup;
			children = (
				4A036EFC1EE92996000AAE7C /* main.m */,
			);
			name = "Supporting Files";
			sourceTree = "<group>";
		};
		4A036F141EE92996000AAE7C /* TestCoreMLTests */ = {
			isa = PBXGroup;
			children = (
				4A036F151EE92996000AAE7C /* TestCoreMLTests.m */,
				4A036F171EE92996000AAE7C /* Info.plist */,
			);
			path = TestCoreMLTests;
			sourceTree = "<group>";
		};
		4A036F1F1EE92996000AAE7C /* TestCoreMLUITests */ = {
			isa = PBXGroup;
			children = (
				4A036F201EE92997000AAE7C /* TestCoreMLUITests.m */,
				4A036F221EE92997000AAE7C /* Info.plist */,
			);
			path = TestCoreMLUITests;
			sourceTree = "<group>";
		};
		4A90E3FA1EE92A9C0032C072 /* Resources */ = {
			isa = PBXGroup;
			children = (
				4A90E3FD1EE931550032C072 /* timg.jpeg */,
				4A90E3FB1EE92AEE0032C072 /* Resnet50.mlmodel */,
			);
			path = Resources;
			sourceTree = "<group>";
		};
/* End PBXGroup section */

/* Begin PBXNativeTarget section */
		4A036EF71EE92996000AAE7C /* TestCoreML */ = {
			isa = PBXNativeTarget;
			buildConfigurationList = 4A036F251EE92997000AAE7C /* Build configuration list for PBXNativeTarget "TestCoreML" */;
			buildPhases = (
				4A036EF41EE92996000AAE7C /* Sources */,
				4A036EF51EE92996000AAE7C /* Frameworks */,
				4A036EF61EE92996000AAE7C /* Resources */,
			);
			buildRules = (
			);
			dependencies = (
			);
			name = TestCoreML;
			productName = TestCoreML;
			productReference = 4A036EF81EE92996000AAE7C /* TestCoreML.app */;
			productType = "com.apple.product-type.application";
		};
		4A036F101EE92996000AAE7C /* TestCoreMLTests */ = {
			isa = PBXNativeTarget;
			buildConfigurationList = 4A036F281EE92997000AAE7C /* Build configuration list for PBXNativeTarget "TestCoreMLTests" */;
			buildPhases = (
				4A036F0D1EE92996000AAE7C /* Sources */,
				4A036F0E1EE92996000AAE7C /* Frameworks */,
				4A036F0F1EE92996000AAE7C /* Resources */,
			);
			buildRules = (
			);
			dependencies = (
				4A036F131EE92996000AAE7C /* PBXTargetDependency */,
			);
			name = TestCoreMLTests;
			productName = TestCoreMLTests;
			productReference = 4A036F111EE92996000AAE7C /* TestCoreMLTests.xctest */;
			productType = "com.apple.product-type.bundle.unit-test";
		};
		4A036F1B1EE92996000AAE7C /* TestCoreMLUITests */ = {
			isa = PBXNativeTarget;
			buildConfigurationList = 4A036F2B1EE92997000AAE7C /* Build configuration list for PBXNativeTarget "TestCoreMLUITests" */;
			buildPhases = (
				4A036F181EE92996000AAE7C /* Sources */,
				4A036F191EE92996000AAE7C /* Frameworks */,
				4A036F1A1EE92996000AAE7C /* Resources */,
			);
			buildRules = (
			);
			dependencies = (
				4A036F1E1EE92996000AAE7C /* PBXTargetDependency */,
			);
			name = TestCoreMLUITests;
			productName = TestCoreMLUITests;
			productReference = 4A036F1C1EE92996000AAE7C /* TestCoreMLUITests.xctest */;
			productType = "com.apple.product-type.bundle.ui-testing";
		};
/* End PBXNativeTarget section */

/* Begin PBXProject section */
		4A036EF01EE92996000AAE7C /* Project object */ = {
			isa = PBXProject;
			attributes = {
				LastUpgradeCheck = 0830;
				ORGANIZATIONNAME = CoreML;
				TargetAttributes = {
					4A036EF71EE92996000AAE7C = {
						CreatedOnToolsVersion = 8.3.2;
						DevelopmentTeam = PWAWE894EX;
						ProvisioningStyle = Automatic;
					};
					4A036F101EE92996000AAE7C = {
						CreatedOnToolsVersion = 8.3.2;
						DevelopmentTeam = PWAWE894EX;
						ProvisioningStyle = Automatic;
						TestTargetID = 4A036EF71EE92996000AAE7C;
					};
					4A036F1B1EE92996000AAE7C = {
						CreatedOnToolsVersion = 8.3.2;
						DevelopmentTeam = PWAWE894EX;
						ProvisioningStyle = Automatic;
						TestTargetID = 4A036EF71EE92996000AAE7C;
					};
				};
			};
			buildConfigurationList = 4A036EF31EE92996000AAE7C /* Build configuration list for PBXProject "TestCoreML" */;
			compatibilityVersion = "Xcode 3.2";
			developmentRegion = English;
			hasScannedForEncodings = 0;
			knownRegions = (
				en,
				Base,
			);
			mainGroup = 4A036EEF1EE92996000AAE7C;
			productRefGroup = 4A036EF91EE92996000AAE7C /* Products */;
			projectDirPath = "";
			projectRoot = "";
			targets = (
				4A036EF71EE92996000AAE7C /* TestCoreML */,
				4A036F101EE92996000AAE7C /* TestCoreMLTests */,
				4A036F1B1EE92996000AAE7C /* TestCoreMLUITests */,
			);
		};
/* End PBXProject section */

/* Begin PBXResourcesBuildPhase section */
		4A036EF61EE92996000AAE7C /* Resources */ = {
			isa = PBXResourcesBuildPhase;
			buildActionMask = 2147483647;
			files = (
				4A036F0B1EE92996000AAE7C /* LaunchScreen.storyboard in Resources */,
				4A036F081EE92996000AAE7C /* Assets.xcassets in Resources */,
				4A90E3FE1EE931550032C072 /* timg.jpeg in Resources */,
				4A036F061EE92996000AAE7C /* Main.storyboard in Resources */,
			);
			runOnlyForDeploymentPostprocessing = 0;
		};
		4A036F0F1EE92996000AAE7C /* Resources */ = {
			isa = PBXResourcesBuildPhase;
			buildActionMask = 2147483647;
			files = (
			);
			runOnlyForDeploymentPostprocessing = 0;
		};
		4A036F1A1EE92996000AAE7C /* Resources */ = {
			isa = PBXResourcesBuildPhase;
			buildActionMask = 2147483647;
			files = (
			);
			runOnlyForDeploymentPostprocessing = 0;
		};
/* End PBXResourcesBuildPhase section */

/* Begin PBXSourcesBuildPhase section */
		4A036EF41EE92996000AAE7C /* Sources */ = {
			isa = PBXSourcesBuildPhase;
			buildActionMask = 2147483647;
			files = (
				4A036F031EE92996000AAE7C /* ViewController.m in Sources */,
				4A036F001EE92996000AAE7C /* AppDelegate.m in Sources */,
				4A90E3FC1EE92AEF0032C072 /* Resnet50.mlmodel in Sources */,
				4A036EFD1EE92996000AAE7C /* main.m in Sources */,
			);
			runOnlyForDeploymentPostprocessing = 0;
		};
		4A036F0D1EE92996000AAE7C /* Sources */ = {
			isa = PBXSourcesBuildPhase;
			buildActionMask = 2147483647;
			files = (
				4A036F161EE92996000AAE7C /* TestCoreMLTests.m in Sources */,
			);
			runOnlyForDeploymentPostprocessing = 0;
		};
		4A036F181EE92996000AAE7C /* Sources */ = {
			isa = PBXSourcesBuildPhase;
			buildActionMask = 2147483647;
			files = (
				4A036F211EE92997000AAE7C /* TestCoreMLUITests.m in Sources */,
			);
			runOnlyForDeploymentPostprocessing = 0;
		};
/* End PBXSourcesBuildPhase section */

/* Begin PBXTargetDependency section */
		4A036F131EE92996000AAE7C /* PBXTargetDependency */ = {
			isa = PBXTargetDependency;
			target = 4A036EF71EE92996000AAE7C /* TestCoreML */;
			targetProxy = 4A036F121EE92996000AAE7C /* PBXContainerItemProxy */;
		};
		4A036F1E1EE92996000AAE7C /* PBXTargetDependency */ = {
			isa = PBXTargetDependency;
			target = 4A036EF71EE92996000AAE7C /* TestCoreML */;
			targetProxy = 4A036F1D1EE92996000AAE7C /* PBXContainerItemProxy */;
		};
/* End PBXTargetDependency section */

/* Begin PBXVariantGroup section */
		4A036F041EE92996000AAE7C /* Main.storyboard */ = {
			isa = PBXVariantGroup;
			children = (
				4A036F051EE92996000AAE7C /* Base */,
			);
			name = Main.storyboard;
			sourceTree = "<group>";
		};
		4A036F091EE92996000AAE7C /* LaunchScreen.storyboard */ = {
			isa = PBXVariantGroup;
			children = (
				4A036F0A1EE92996000AAE7C /* Base */,
			);
			name = LaunchScreen.storyboard;
			sourceTree = "<group>";
		};
/* End PBXVariantGroup section */

/* Begin XCBuildConfiguration section */
		4A036F231EE92997000AAE7C /* Debug */ = {
			isa = XCBuildConfiguration;
			buildSettings = {
				ALWAYS_SEARCH_USER_PATHS = NO;
				CLANG_ANALYZER_NONNULL = YES;
				CLANG_ANALYZER_NUMBER_OBJECT_CONVERSION = YES_AGGRESSIVE;
				CLANG_CXX_LANGUAGE_STANDARD = "gnu++0x";
				CLANG_CXX_LIBRARY = "libc++";
				CLANG_ENABLE_MODULES = YES;
				CLANG_ENABLE_OBJC_ARC = YES;
				CLANG_WARN_BOOL_CONVERSION = YES;
				CLANG_WARN_CONSTANT_CONVERSION = YES;
				CLANG_WARN_DIRECT_OBJC_ISA_USAGE = YES_ERROR;
				CLANG_WARN_DOCUMENTATION_COMMENTS = YES;
				CLANG_WARN_EMPTY_BODY = YES;
				CLANG_WARN_ENUM_CONVERSION = YES;
				CLANG_WARN_INFINITE_RECURSION = YES;
				CLANG_WARN_INT_CONVERSION = YES;
				CLANG_WARN_OBJC_ROOT_CLASS = YES_ERROR;
				CLANG_WARN_SUSPICIOUS_MOVE = YES;
				CLANG_WARN_UNREACHABLE_CODE = YES;
				CLANG_WARN__DUPLICATE_METHOD_MATCH = YES;
				"CODE_SIGN_IDENTITY[sdk=iphoneos*]" = "iPhone Developer";
				COPY_PHASE_STRIP = NO;
				DEBUG_INFORMATION_FORMAT = dwarf;
				ENABLE_STRICT_OBJC_MSGSEND = YES;
				ENABLE_TESTABILITY = YES;
				GCC_C_LANGUAGE_STANDARD = gnu99;
				GCC_DYNAMIC_NO_PIC = NO;
				GCC_NO_COMMON_BLOCKS = YES;
				GCC_OPTIMIZATION_LEVEL = 0;
				GCC_PREPROCESSOR_DEFINITIONS = (
					"DEBUG=1",
					"$(inherited)",
				);
				GCC_WARN_64_TO_32_BIT_CONVERSION = YES;
				GCC_WARN_ABOUT_RETURN_TYPE = YES_ERROR;
				GCC_WARN_UNDECLARED_SELECTOR = YES;
				GCC_WARN_UNINITIALIZED_AUTOS = YES_AGGRESSIVE;
				GCC_WARN_UNUSED_FUNCTION = YES;
				GCC_WARN_UNUSED_VARIABLE = YES;
				IPHONEOS_DEPLOYMENT_TARGET = 10.3;
				MTL_ENABLE_DEBUG_INFO = YES;
				ONLY_ACTIVE_ARCH = YES;
				SDKROOT = iphoneos;
				TARGETED_DEVICE_FAMILY = "1,2";
			};
			name = Debug;
		};
		4A036F241EE92997000AAE7C /* Release */ = {
			isa = XCBuildConfiguration;
			buildSettings = {
				ALWAYS_SEARCH_USER_PATHS = NO;
				CLANG_ANALYZER_NONNULL = YES;
				CLANG_ANALYZER_NUMBER_OBJECT_CONVERSION = YES_AGGRESSIVE;
				CLANG_CXX_LANGUAGE_STANDARD = "gnu++0x";
				CLANG_CXX_LIBRARY = "libc++";
				CLANG_ENABLE_MODULES = YES;
				CLANG_ENABLE_OBJC_ARC = YES;
				CLANG_WARN_BOOL_CONVERSION = YES;
				CLANG_WARN_CONSTANT_CONVERSION = YES;
				CLANG_WARN_DIRECT_OBJC_ISA_USAGE = YES_ERROR;
				CLANG_WARN_DOCUMENTATION_COMMENTS = YES;
				CLANG_WARN_EMPTY_BODY = YES;
				CLANG_WARN_ENUM_CONVERSION = YES;
				CLANG_WARN_INFINITE_RECURSION = YES;
				CLANG_WARN_INT_CONVERSION = YES;
				CLANG_WARN_OBJC_ROOT_CLASS = YES_ERROR;
				CLANG_WARN_SUSPICIOUS_MOVE = YES;
				CLANG_WARN_UNREACHABLE_CODE = YES;
				CLANG_WARN__DUPLICATE_METHOD_MATCH = YES;
				"CODE_SIGN_IDENTITY[sdk=iphoneos*]" = "iPhone Developer";
				COPY_PHASE_STRIP = NO;
				DEBUG_INFORMATION_FORMAT = "dwarf-with-dsym";
				ENABLE_NS_ASSERTIONS = NO;
				ENABLE_STRICT_OBJC_MSGSEND = YES;
				GCC_C_LANGUAGE_STANDARD = gnu99;
				GCC_NO_COMMON_BLOCKS = YES;
				GCC_WARN_64_TO_32_BIT_CONVERSION = YES;
				GCC_WARN_ABOUT_RETURN_TYPE = YES_ERROR;
				GCC_WARN_UNDECLARED_SELECTOR = YES;
				GCC_WARN_UNINITIALIZED_AUTOS = YES_AGGRESSIVE;
				GCC_WARN_UNUSED_FUNCTION = YES;
				GCC_WARN_UNUSED_VARIABLE = YES;
				IPHONEOS_DEPLOYMENT_TARGET = 10.3;
				MTL_ENABLE_DEBUG_INFO = NO;
				SDKROOT = iphoneos;
				TARGETED_DEVICE_FAMILY = "1,2";
				VALIDATE_PRODUCT = YES;
			};
			name = Release;
		};
		4A036F261EE92997000AAE7C /* Debug */ = {
			isa = XCBuildConfiguration;
			buildSettings = {
				ASSETCATALOG_COMPILER_APPICON_NAME = AppIcon;
				DEVELOPMENT_TEAM = PWAWE894EX;
				INFOPLIST_FILE = TestCoreML/Info.plist;
				IPHONEOS_DEPLOYMENT_TARGET = 11.0;
				LD_RUNPATH_SEARCH_PATHS = "$(inherited) @executable_path/Frameworks";
				PRODUCT_BUNDLE_IDENTIFIER = CoreML.TestCoreML;
				PRODUCT_NAME = "$(TARGET_NAME)";
			};
			name = Debug;
		};
		4A036F271EE92997000AAE7C /* Release */ = {
			isa = XCBuildConfiguration;
			buildSettings = {
				ASSETCATALOG_COMPILER_APPICON_NAME = AppIcon;
				DEVELOPMENT_TEAM = PWAWE894EX;
				INFOPLIST_FILE = TestCoreML/Info.plist;
				IPHONEOS_DEPLOYMENT_TARGET = 11.0;
				LD_RUNPATH_SEARCH_PATHS = "$(inherited) @executable_path/Frameworks";
				PRODUCT_BUNDLE_IDENTIFIER = CoreML.TestCoreML;
				PRODUCT_NAME = "$(TARGET_NAME)";
			};
			name = Release;
		};
		4A036F291EE92997000AAE7C /* Debug */ = {
			isa = XCBuildConfiguration;
			buildSettings = {
				BUNDLE_LOADER = "$(TEST_HOST)";
				DEVELOPMENT_TEAM = PWAWE894EX;
				INFOPLIST_FILE = TestCoreMLTests/Info.plist;
				LD_RUNPATH_SEARCH_PATHS = "$(inherited) @executable_path/Frameworks @loader_path/Frameworks";
				PRODUCT_BUNDLE_IDENTIFIER = CoreML.TestCoreMLTests;
				PRODUCT_NAME = "$(TARGET_NAME)";
				TEST_HOST = "$(BUILT_PRODUCTS_DIR)/TestCoreML.app/TestCoreML";
			};
			name = Debug;
		};
		4A036F2A1EE92997000AAE7C /* Release */ = {
			isa = XCBuildConfiguration;
			buildSettings = {
				BUNDLE_LOADER = "$(TEST_HOST)";
				DEVELOPMENT_TEAM = PWAWE894EX;
				INFOPLIST_FILE = TestCoreMLTests/Info.plist;
				LD_RUNPATH_SEARCH_PATHS = "$(inherited) @executable_path/Frameworks @loader_path/Frameworks";
				PRODUCT_BUNDLE_IDENTIFIER = CoreML.TestCoreMLTests;
				PRODUCT_NAME = "$(TARGET_NAME)";
				TEST_HOST = "$(BUILT_PRODUCTS_DIR)/TestCoreML.app/TestCoreML";
			};
			name = Release;
		};
		4A036F2C1EE92997000AAE7C /* Debug */ = {
			isa = XCBuildConfiguration;
			buildSettings = {
				DEVELOPMENT_TEAM = PWAWE894EX;
				INFOPLIST_FILE = TestCoreMLUITests/Info.plist;
				LD_RUNPATH_SEARCH_PATHS = "$(inherited) @executable_path/Frameworks @loader_path/Frameworks";
				PRODUCT_BUNDLE_IDENTIFIER = CoreML.TestCoreMLUITests;
				PRODUCT_NAME = "$(TARGET_NAME)";
				TEST_TARGET_NAME = TestCoreML;
			};
			name = Debug;
		};
		4A036F2D1EE92997000AAE7C /* Release */ = {
			isa = XCBuildConfiguration;
			buildSettings = {
				DEVELOPMENT_TEAM = PWAWE894EX;
				INFOPLIST_FILE = TestCoreMLUITests/Info.plist;
				LD_RUNPATH_SEARCH_PATHS = "$(inherited) @executable_path/Frameworks @loader_path/Frameworks";
				PRODUCT_BUNDLE_IDENTIFIER = CoreML.TestCoreMLUITests;
				PRODUCT_NAME = "$(TARGET_NAME)";
				TEST_TARGET_NAME = TestCoreML;
			};
			name = Release;
		};
/* End XCBuildConfiguration section */

/* Begin XCConfigurationList section */
		4A036EF31EE92996000AAE7C /* Build configuration list for PBXProject "TestCoreML" */ = {
			isa = XCConfigurationList;
			buildConfigurations = (
				4A036F231EE92997000AAE7C /* Debug */,
				4A036F241EE92997000AAE7C /* Release */,
			);
			defaultConfigurationIsVisible = 0;
			defaultConfigurationName = Release;
		};
		4A036F251EE92997000AAE7C /* Build configuration list for PBXNativeTarget "TestCoreML" */ = {
			isa = XCConfigurationList;
			buildConfigurations = (
				4A036F261EE92997000AAE7C /* Debug */,
				4A036F271EE92997000AAE7C /* Release */,
			);
			defaultConfigurationIsVisible = 0;
			defaultConfigurationName = Release;
		};
		4A036F281EE92997000AAE7C /* Build configuration list for PBXNativeTarget "TestCoreMLTests" */ = {
			isa = XCConfigurationList;
			buildConfigurations = (
				4A036F291EE92997000AAE7C /* Debug */,
				4A036F2A1EE92997000AAE7C /* Release */,
			);
			defaultConfigurationIsVisible = 0;
			defaultConfigurationName = Release;
		};
		4A036F2B1EE92997000AAE7C /* Build configuration list for PBXNativeTarget "TestCoreMLUITests" */ = {
			isa = XCConfigurationList;
			buildConfigurations = (
				4A036F2C1EE92997000AAE7C /* Debug */,
				4A036F2D1EE92997000AAE7C /* Release */,
			);
			defaultConfigurationIsVisible = 0;
			defaultConfigurationName = Release;
		};
/* End XCConfigurationList section */
	};
	rootObject = 4A036EF01EE92996000AAE7C /* Project object */;
}
